
Microsoft Visual Studio Solution File, Format Version 12.00
# Visual Studio Version 17
VisualStudioVersion = 17.0.31903.59
MinimumVisualStudioVersion = 10.0.40219.1
Project("{2150E333-8FDC-42A3-9474-1A3956D46DE8}") = "src", "src", "{4FDD172F-D294-4292-8ADC-2AA040AACD12}"
EndProject
Project("{F2A71F9B-5D33-465A-A702-920D77279786}") = "common", "src\common\common.fsproj", "{6ECD2D72-2107-48BF-8678-CA40B51694C7}"
EndProject
Project("{F2A71F9B-5D33-465A-A702-920D77279786}") = "addin", "src\addin\addin.fsproj", "{AD6A2360-206A-40DD-9E31-E99423BD6446}"
EndProject
Global
	GlobalSection(SolutionConfigurationPlatforms) = preSolution
		Debug|Any CPU = Debug|Any CPU
		Release|Any CPU = Release|Any CPU
	EndGlobalSection
	GlobalSection(SolutionProperties) = preSolution
		HideSolutionNode = FALSE
	EndGlobalSection
	GlobalSection(ProjectConfigurationPlatforms) = postSolution
		{6ECD2D72-2107-48BF-8678-CA40B51694C7}.Debug|Any CPU.ActiveCfg = Debug|Any CPU
		{6ECD2D72-2107-48BF-8678-CA40B51694C7}.Debug|Any CPU.Build.0 = Debug|Any CPU
		{6ECD2D72-2107-48BF-8678-CA40B51694C7}.Release|Any CPU.ActiveCfg = Release|Any CPU
		{6ECD2D72-2107-48BF-8678-CA40B51694C7}.Release|Any CPU.Build.0 = Release|Any CPU
		{AD6A2360-206A-40DD-9E31-E99423BD6446}.Debug|Any CPU.ActiveCfg = Debug|Any CPU
		{AD6A2360-206A-40DD-9E31-E99423BD6446}.Debug|Any CPU.Build.0 = Debug|Any CPU
		{AD6A2360-206A-40DD-9E31-E99423BD6446}.Release|Any CPU.ActiveCfg = Release|Any CPU
		{AD6A2360-206A-40DD-9E31-E99423BD6446}.Release|Any CPU.Build.0 = Release|Any CPU
	EndGlobalSection
	GlobalSection(NestedProjects) = preSolution
		{6ECD2D72-2107-48BF-8678-CA40B51694C7} = {4FDD172F-D294-4292-8ADC-2AA040AACD12}
		{AD6A2360-206A-40DD-9E31-E99423BD6446} = {4FDD172F-D294-4292-8ADC-2AA040AACD12}
	EndGlobalSection
EndGlobal
